
Microsoft Visual Studio Solution File, Format Version 12.00
# Visual Studio Version 17
VisualStudioVersion = 17.1.32407.343
MinimumVisualStudioVersion = 10.0.40219.1
Project("{FAE04EC0-301F-11D3-BF4B-00C04F79EFBC}") = "CV", "CV\CV.csproj", "{B94539AC-882A-45F5-9558-A5CD00BC0749}"
EndProject
Global
	GlobalSection(SolutionConfigurationPlatforms) = preSolution
		Debug|Any CPU = Debug|Any CPU
		Release|Any CPU = Release|Any CPU
	EndGlobalSection
	GlobalSection(ProjectConfigurationPlatforms) = postSolution
		{B94539AC-882A-45F5-9558-A5CD00BC0749}.Debug|Any CPU.ActiveCfg = Debug|Any CPU
		{B94539AC-882A-45F5-9558-A5CD00BC0749}.Debug|Any CPU.Build.0 = Debug|Any CPU
		{B94539AC-882A-45F5-9558-A5CD00BC0749}.Release|Any CPU.ActiveCfg = Release|Any CPU
		{B94539AC-882A-45F5-9558-A5CD00BC0749}.Release|Any CPU.Build.0 = Release|Any CPU
	EndGlobalSection
	GlobalSection(SolutionProperties) = preSolution
		HideSolutionNode = FALSE
	EndGlobalSection
	GlobalSection(ExtensibilityGlobals) = postSolution
		SolutionGuid = {2CB75963-E542-44D3-8027-24F71FA66E57}
	EndGlobalSection
EndGlobal
